{
    "_readme": [
        "This file locks the dependencies of your project to a known state",
        "Read more about it at http://getcomposer.org/doc/01-basic-usage.md#composer-lock-the-lock-file"
    ],
    "hash": "58e464ea4d4b5871f5cd5f491a6046cb",
    "packages": [
        {
            "name": "cundd/noshi-website",
            "version": "dev-master",
            "source": {
                "type": "git",
                "url": "https://github.com/cundd/noshi-website.git",
                "reference": "7851d170c767de977189c698dbcc7c321d3c685f"
            },
            "dist": {
                "type": "zip",
                "url": "https://api.github.com/repos/cundd/noshi-website/zipball/7851d170c767de977189c698dbcc7c321d3c685f",
                "reference": "7851d170c767de977189c698dbcc7c321d3c685f",
                "shasum": ""
            },
            "require": {
                "cundd/noshi": "*"
            },
            "type": "library",
            "notification-url": "https://packagist.org/downloads/",
            "license": [
                "MIT"
            ],
            "authors": [
                {
                    "name": "Daniel Corn",
                    "email": "info@cundd.net"
                }
            ],
            "description": "Theme for the NoShi website",
            "time": "2014-02-26 09:58:47"
        },
        {
            "name": "erusev/parsedown",
            "version": "dev-master",
            "source": {
                "type": "git",
                "url": "https://github.com/erusev/parsedown.git",
                "reference": "1734f6fc85fd5d9148b384c797e217c877d564dd"
            },
            "dist": {
                "type": "zip",
                "url": "https://api.github.com/repos/erusev/parsedown/zipball/1734f6fc85fd5d9148b384c797e217c877d564dd",
                "reference": "1734f6fc85fd5d9148b384c797e217c877d564dd",
                "shasum": ""
            },
            "type": "library",
            "autoload": {
                "psr-0": {
                    "Parsedown": ""
                }
            },
            "notification-url": "https://packagist.org/downloads/",
            "license": [
                "MIT"
            ],
            "authors": [
                {
                    "name": "Emanuil Rusev",
                    "email": "hello@erusev.com",
                    "homepage": "http://erusev.com"
                }
            ],
            "description": "Parser for Markdown.",
            "homepage": "http://parsedown.org",
            "keywords": [
                "markdown",
                "parser"
            ],
            "time": "2014-02-24 22:48:28"
        }
    ],
    "packages-dev": [

    ],
    "aliases": [

    ],
    "minimum-stability": "stable",
    "stability-flags": {
        "erusev/parsedown": 20,
        "cundd/noshi-website": 20
    },
    "platform": [

    ],
    "platform-dev": [

    ]
}
