{
    "_readme": [
        "This file locks the dependencies of your project to a known state",
        "Read more about it at http://getcomposer.org/doc/01-basic-usage.md#composer-lock-the-lock-file"
    ],
    "hash": "65854a5ad82be2a302ea944c938bbb2b",
    "packages": [
        {
            "name": "cundd/noshi-website",
            "version": "dev-master",
            "source": {
                "type": "git",
                "url": "https://github.com/cundd/noshi-website.git",
                "reference": "a2c63fbe0c9990329ef157f2dc42348c3aac6365"
            },
            "dist": {
                "type": "zip",
                "url": "https://api.github.com/repos/cundd/noshi-website/zipball/a2c63fbe0c9990329ef157f2dc42348c3aac6365",
                "reference": "a2c63fbe0c9990329ef157f2dc42348c3aac6365",
                "shasum": ""
            },
            "require": {
                "cundd/noshi": "*"
            },
            "require-dev": {
                "zurb/foundation": "v5.1.1"
            },
            "type": "library",
            "autoload": {
                "psr-4": {
                    "Cundd\\NoshiWebsite\\": "Classes/"
                }
            },
            "license": [
                "MIT"
            ],
            "authors": [
                {
                    "name": "Daniel Corn",
                    "email": "info@cundd.net"
                }
            ],
            "description": "Theme for the NoShi website",
            "support": {
                "source": "https://github.com/cundd/noshi-website/tree/master",
                "issues": "https://github.com/cundd/noshi-website/issues"
            },
            "time": "2014-03-16 18:33:09"
        },
        {
            "name": "erusev/parsedown",
            "version": "dev-master",
            "source": {
                "type": "git",
                "url": "https://github.com/erusev/parsedown.git",
                "reference": "7ef45894a7264ba5946d34caa61e7f0d83ed9dc0"
            },
            "dist": {
                "type": "zip",
                "url": "https://api.github.com/repos/erusev/parsedown/zipball/7ef45894a7264ba5946d34caa61e7f0d83ed9dc0",
                "reference": "7ef45894a7264ba5946d34caa61e7f0d83ed9dc0",
                "shasum": ""
            },
            "type": "library",
            "autoload": {
                "psr-0": {
                    "Parsedown": ""
                }
            },
            "notification-url": "https://packagist.org/downloads/",
            "license": [
                "MIT"
            ],
            "authors": [
                {
                    "name": "Emanuil Rusev",
                    "email": "hello@erusev.com",
                    "homepage": "http://erusev.com"
                }
            ],
            "description": "Parser for Markdown.",
            "homepage": "http://parsedown.org",
            "keywords": [
                "markdown",
                "parser"
            ],
            "time": "2014-02-28 12:05:10"
        }
    ],
    "packages-dev": [
        {
            "name": "zurb/foundation",
            "version": "v5.1.1",
            "source": {
                "type": "git",
                "url": "https://github.com/zurb/foundation.git",
                "reference": "564eb05ff07085931c80c7caba60dbb9ab2ea6c9"
            },
            "dist": {
                "type": "zip",
                "url": "https://api.github.com/repos/zurb/foundation/zipball/564eb05ff07085931c80c7caba60dbb9ab2ea6c9",
                "reference": "564eb05ff07085931c80c7caba60dbb9ab2ea6c9",
                "shasum": ""
            },
            "type": "library",
            "notification-url": "https://packagist.org/downloads/",
            "license": [
                "MIT"
            ],
            "description": "The most advanced responsive front-end framework in the world.",
            "homepage": "http://foundation.zurb.com",
            "keywords": [
                "foundation",
                "scss"
            ],
            "time": "2014-02-06 23:50:38"
        }
    ],
    "aliases": [

    ],
    "minimum-stability": "stable",
    "stability-flags": {
        "erusev/parsedown": 20,
        "cundd/noshi-website": 20
    },
    "platform": [

    ],
    "platform-dev": [

    ]
}
