{
    "_readme": [
        "This file locks the dependencies of your project to a known state",
        "Read more about it at http://getcomposer.org/doc/01-basic-usage.md#composer-lock-the-lock-file"
    ],
    "hash": "7e16daa3b542cfedae96276b16993a45",
    "packages": [
        {
            "name": "cundd/noshi-website",
            "version": "dev-master",
            "source": {
                "type": "git",
                "url": "https://github.com/cundd/noshi-website.git",
                "reference": "5c9c30736473b3b48856f8f1d789f6f85b9e8548"
            },
            "dist": {
                "type": "zip",
                "url": "https://api.github.com/repos/cundd/noshi-website/zipball/5c9c30736473b3b48856f8f1d789f6f85b9e8548",
                "reference": "5c9c30736473b3b48856f8f1d789f6f85b9e8548",
                "shasum": ""
            },
            "require": {
                "cundd/noshi": "*"
            },
            "require-dev": {
                "zurb/foundation": "v5.1.1"
            },
            "type": "library",
            "autoload": {
                "psr-4": {
                    "Cundd\\NoshiWebsite\\": "Classes/"
                }
            },
            "license": [
                "MIT"
            ],
            "authors": [
                {
                    "name": "Daniel Corn",
                    "email": "info@cundd.net"
                }
            ],
            "description": "Theme for the NoShi website",
            "support": {
                "source": "https://github.com/cundd/noshi-website/tree/master",
                "issues": "https://github.com/cundd/noshi-website/issues"
            },
            "time": "2014-03-16 16:44:05"
        },
        {
            "name": "erusev/parsedown",
            "version": "dev-master",
            "source": {
                "type": "git",
                "url": "https://github.com/erusev/parsedown.git",
                "reference": "7ef45894a7264ba5946d34caa61e7f0d83ed9dc0"
            },
            "dist": {
                "type": "zip",
                "url": "https://api.github.com/repos/erusev/parsedown/zipball/7ef45894a7264ba5946d34caa61e7f0d83ed9dc0",
                "reference": "7ef45894a7264ba5946d34caa61e7f0d83ed9dc0",
                "shasum": ""
            },
            "type": "library",
            "autoload": {
                "psr-0": {
                    "Parsedown": ""
                }
            },
            "notification-url": "https://packagist.org/downloads/",
            "license": [
                "MIT"
            ],
            "authors": [
                {
                    "name": "Emanuil Rusev",
                    "email": "hello@erusev.com",
                    "homepage": "http://erusev.com"
                }
            ],
            "description": "Parser for Markdown.",
            "homepage": "http://parsedown.org",
            "keywords": [
                "markdown",
                "parser"
            ],
            "time": "2014-02-28 12:05:10"
        }
    ],
    "packages-dev": [

    ],
    "aliases": [

    ],
    "minimum-stability": "stable",
    "stability-flags": {
        "erusev/parsedown": 20,
        "cundd/noshi-website": 20
    },
    "platform": [

    ],
    "platform-dev": [

    ]
}
